
Microsoft Visual Studio Solution File, Format Version 12.00
# Visual Studio 15
VisualStudioVersion = 15.0.28016.0
MinimumVisualStudioVersion = 10.0.40219.1
Project("{FAE04EC0-301F-11D3-BF4B-00C04F79EFBC}") = "CommandPrompt", "CommandPrompt\CommandPrompt.csproj", "{C04C1BEE-2978-422B-93A0-C4678726E4A7}"
EndProject
Global
	GlobalSection(SolutionConfigurationPlatforms) = preSolution
		Debug|Any CPU = Debug|Any CPU
		Release|Any CPU = Release|Any CPU
	EndGlobalSection
	GlobalSection(ProjectConfigurationPlatforms) = postSolution
		{C04C1BEE-2978-422B-93A0-C4678726E4A7}.Debug|Any CPU.ActiveCfg = Debug|Any CPU
		{C04C1BEE-2978-422B-93A0-C4678726E4A7}.Debug|Any CPU.Build.0 = Debug|Any CPU
		{C04C1BEE-2978-422B-93A0-C4678726E4A7}.Release|Any CPU.ActiveCfg = Release|Any CPU
		{C04C1BEE-2978-422B-93A0-C4678726E4A7}.Release|Any CPU.Build.0 = Release|Any CPU
	EndGlobalSection
	GlobalSection(SolutionProperties) = preSolution
		HideSolutionNode = FALSE
	EndGlobalSection
	GlobalSection(ExtensibilityGlobals) = postSolution
		SolutionGuid = {DF157257-45B9-441C-98C1-3A6AA94AC434}
	EndGlobalSection
EndGlobal
