
Microsoft Visual Studio Solution File, Format Version 12.00
# Visual Studio 15
VisualStudioVersion = 15.0.28016.0
MinimumVisualStudioVersion = 10.0.40219.1
Project("{9A19103F-16F7-4668-BE54-9A1E7A4F7556}") = "ConsoleApp1", "ConsoleApp1\ConsoleApp1.csproj", "{3020BE14-2CE6-43C9-B9A4-9E63CA610F5A}"
EndProject
Project("{FAE04EC0-301F-11D3-BF4B-00C04F79EFBC}") = "loops", "loops\loops.csproj", "{01AC7385-25FF-47AC-998A-DF78A278F028}"
EndProject
Project("{FAE04EC0-301F-11D3-BF4B-00C04F79EFBC}") = "guess my number", "ConsoleApp2\guess my number.csproj", "{1AD62475-DFDA-41E3-9783-205A34E8CC12}"
EndProject
Global
	GlobalSection(SolutionConfigurationPlatforms) = preSolution
		Debug|Any CPU = Debug|Any CPU
		Release|Any CPU = Release|Any CPU
	EndGlobalSection
	GlobalSection(ProjectConfigurationPlatforms) = postSolution
		{3020BE14-2CE6-43C9-B9A4-9E63CA610F5A}.Debug|Any CPU.ActiveCfg = Debug|Any CPU
		{3020BE14-2CE6-43C9-B9A4-9E63CA610F5A}.Debug|Any CPU.Build.0 = Debug|Any CPU
		{3020BE14-2CE6-43C9-B9A4-9E63CA610F5A}.Release|Any CPU.ActiveCfg = Release|Any CPU
		{3020BE14-2CE6-43C9-B9A4-9E63CA610F5A}.Release|Any CPU.Build.0 = Release|Any CPU
		{01AC7385-25FF-47AC-998A-DF78A278F028}.Debug|Any CPU.ActiveCfg = Debug|Any CPU
		{01AC7385-25FF-47AC-998A-DF78A278F028}.Debug|Any CPU.Build.0 = Debug|Any CPU
		{01AC7385-25FF-47AC-998A-DF78A278F028}.Release|Any CPU.ActiveCfg = Release|Any CPU
		{01AC7385-25FF-47AC-998A-DF78A278F028}.Release|Any CPU.Build.0 = Release|Any CPU
		{1AD62475-DFDA-41E3-9783-205A34E8CC12}.Debug|Any CPU.ActiveCfg = Debug|Any CPU
		{1AD62475-DFDA-41E3-9783-205A34E8CC12}.Debug|Any CPU.Build.0 = Debug|Any CPU
		{1AD62475-DFDA-41E3-9783-205A34E8CC12}.Release|Any CPU.ActiveCfg = Release|Any CPU
		{1AD62475-DFDA-41E3-9783-205A34E8CC12}.Release|Any CPU.Build.0 = Release|Any CPU
	EndGlobalSection
	GlobalSection(SolutionProperties) = preSolution
		HideSolutionNode = FALSE
	EndGlobalSection
	GlobalSection(ExtensibilityGlobals) = postSolution
		SolutionGuid = {857562C1-37E5-45B6-912F-8B69F0B19166}
	EndGlobalSection
EndGlobal
