
Microsoft Visual Studio Solution File, Format Version 12.00
# Visual Studio 15
VisualStudioVersion = 15.0.28016.0
MinimumVisualStudioVersion = 10.0.40219.1
Project("{FAE04EC0-301F-11D3-BF4B-00C04F79EFBC}") = "class example OOP", "class example OOP\class example OOP.csproj", "{BB9B1BB3-858C-4D26-87C0-F4679909D8BC}"
EndProject
Global
	GlobalSection(SolutionConfigurationPlatforms) = preSolution
		Debug|Any CPU = Debug|Any CPU
		Release|Any CPU = Release|Any CPU
	EndGlobalSection
	GlobalSection(ProjectConfigurationPlatforms) = postSolution
		{BB9B1BB3-858C-4D26-87C0-F4679909D8BC}.Debug|Any CPU.ActiveCfg = Debug|Any CPU
		{BB9B1BB3-858C-4D26-87C0-F4679909D8BC}.Debug|Any CPU.Build.0 = Debug|Any CPU
		{BB9B1BB3-858C-4D26-87C0-F4679909D8BC}.Release|Any CPU.ActiveCfg = Release|Any CPU
		{BB9B1BB3-858C-4D26-87C0-F4679909D8BC}.Release|Any CPU.Build.0 = Release|Any CPU
	EndGlobalSection
	GlobalSection(SolutionProperties) = preSolution
		HideSolutionNode = FALSE
	EndGlobalSection
	GlobalSection(ExtensibilityGlobals) = postSolution
		SolutionGuid = {AF3B4AB6-3E8E-4650-A1E5-C8A0F6910115}
	EndGlobalSection
EndGlobal
